{
	"name": "@pugio/client",
	"version": "2.1.1",
	"lockfileVersion": 1,
	"requires": true,
	"dependencies": {
		"@babel/runtime": {
			"version": "7.17.8",
			"resolved": "https://registry.npmmirror.com/@babel/runtime/-/runtime-7.17.8.tgz",
			"integrity": "sha512-dQpEpK0O9o6lj6oPu0gRDbbnk+4LeHlNcBpspf6Olzt3GIX4P1lWF1gS+pHLDFlaJvbR6q7jCfQ08zA4QJBnmA==",
			"requires": {
				"regenerator-runtime": "^0.13.4"
			}
		},
		"@node-redis/bloom": {
			"version": "1.0.1",
			"resolved": "https://registry.npmmirror.com/@node-redis/bloom/-/bloom-1.0.1.tgz",
			"integrity": "sha512-mXEBvEIgF4tUzdIN89LiYsbi6//EdpFA7L8M+DHCvePXg+bfHWi+ct5VI6nHUFQE5+ohm/9wmgihCH3HSkeKsw=="
		},
		"@node-redis/client": {
			"version": "1.0.5",
			"resolved": "https://registry.npmmirror.com/@node-redis/client/-/client-1.0.5.tgz",
			"integrity": "sha512-ESZ3bd1f+od62h4MaBLKum+klVJfA4wAeLHcVQBkoXa1l0viFesOWnakLQqKg+UyrlJhZmXJWtu0Y9v7iTMrig==",
			"requires": {
				"cluster-key-slot": "1.1.0",
				"generic-pool": "3.8.2",
				"redis-parser": "3.0.0",
				"yallist": "4.0.0"
			}
		},
		"@node-redis/graph": {
			"version": "1.0.0",
			"resolved": "https://registry.npmmirror.com/@node-redis/graph/-/graph-1.0.0.tgz",
			"integrity": "sha512-mRSo8jEGC0cf+Rm7q8mWMKKKqkn6EAnA9IA2S3JvUv/gaWW/73vil7GLNwion2ihTptAm05I9LkepzfIXUKX5g=="
		},
		"@node-redis/json": {
			"version": "1.0.2",
			"resolved": "https://registry.npmmirror.com/@node-redis/json/-/json-1.0.2.tgz",
			"integrity": "sha512-qVRgn8WfG46QQ08CghSbY4VhHFgaTY71WjpwRBGEuqGPfWwfRcIf3OqSpR7Q/45X+v3xd8mvYjywqh0wqJ8T+g=="
		},
		"@node-redis/search": {
			"version": "1.0.5",
			"resolved": "https://registry.npmmirror.com/@node-redis/search/-/search-1.0.5.tgz",
			"integrity": "sha512-MCOL8iCKq4v+3HgEQv8zGlSkZyXSXtERgrAJ4TSryIG/eLFy84b57KmNNa/V7M1Q2Wd2hgn2nPCGNcQtk1R1OQ=="
		},
		"@node-redis/time-series": {
			"version": "1.0.2",
			"resolved": "https://registry.npmmirror.com/@node-redis/time-series/-/time-series-1.0.2.tgz",
			"integrity": "sha512-HGQ8YooJ8Mx7l28tD7XjtB3ImLEjlUxG1wC1PAjxu6hPJqjPshUZxAICzDqDjtIbhDTf48WXXUcx8TQJB1XTKA=="
		},
		"@types/fs-extra": {
			"version": "9.0.13",
			"resolved": "https://registry.npmmirror.com/@types/fs-extra/-/fs-extra-9.0.13.tgz",
			"integrity": "sha512-nEnwB++1u5lVDM2UI4c1+5R+FYaKfaAzS4OococimjVm3nQw3TuzH5UNsocrcTBbhnerblyHj4A49qXbIiZdpA==",
			"dev": true,
			"requires": {
				"@types/node": "*"
			}
		},
		"@types/lodash": {
			"version": "4.14.181",
			"resolved": "https://registry.npmmirror.com/@types/lodash/-/lodash-4.14.181.tgz",
			"integrity": "sha512-n3tyKthHJbkiWhDZs3DkhkCzt2MexYHXlX0td5iMplyfwketaOeKboEVBqzceH7juqvEg3q5oUoBFxSLu7zFag=="
		},
		"@types/node": {
			"version": "17.0.23",
			"resolved": "https://registry.npmmirror.com/@types/node/-/node-17.0.23.tgz",
			"integrity": "sha512-UxDxWn7dl97rKVeVS61vErvw086aCYhDLyvRQZ5Rk65rZKepaFdm53GeqXaKBuOhED4e9uWq34IC3TdSdJJ2Gw==",
			"dev": true
		},
		"cluster-key-slot": {
			"version": "1.1.0",
			"resolved": "https://registry.npmmirror.com/cluster-key-slot/-/cluster-key-slot-1.1.0.tgz",
			"integrity": "sha512-2Nii8p3RwAPiFwsnZvukotvow2rIHM+yQ6ZcBXGHdniadkYGZYiGmkHJIbZPIV9nfv7m/U1IPMVVcAhoWFeklw=="
		},
		"fs-extra": {
			"version": "10.0.1",
			"resolved": "https://registry.npmmirror.com/fs-extra/-/fs-extra-10.0.1.tgz",
			"integrity": "sha512-NbdoVMZso2Lsrn/QwLXOy6rm0ufY2zEOKCDzJR/0kBsb0E6qed0P3iYK+Ath3BfvXEeu4JhEtXLgILx5psUfag==",
			"requires": {
				"graceful-fs": "^4.2.0",
				"jsonfile": "^6.0.1",
				"universalify": "^2.0.0"
			}
		},
		"generic-pool": {
			"version": "3.8.2",
			"resolved": "https://registry.npmmirror.com/generic-pool/-/generic-pool-3.8.2.tgz",
			"integrity": "sha512-nGToKy6p3PAbYQ7p1UlWl6vSPwfwU6TMSWK7TTu+WUY4ZjyZQGniGGt2oNVvyNSpyZYSB43zMXVLcBm08MTMkg=="
		},
		"graceful-fs": {
			"version": "4.2.9",
			"resolved": "https://registry.npmmirror.com/graceful-fs/-/graceful-fs-4.2.9.tgz",
			"integrity": "sha512-NtNxqUcXgpW2iMrfqSfR73Glt39K+BLwWsPs94yR63v45T0Wbej7eRmL5cWfwEgqXnmjQp3zaJTshdRW/qC2ZQ=="
		},
		"jsonfile": {
			"version": "6.1.0",
			"resolved": "https://registry.npmmirror.com/jsonfile/-/jsonfile-6.1.0.tgz",
			"integrity": "sha512-5dgndWOriYSm5cnYaJNhalLNDKOqFwyDB/rr1E9ZsGciGvKPs8R2xYGCacuf3z6K1YKDz182fd+fY3cn3pMqXQ==",
			"requires": {
				"graceful-fs": "^4.1.6",
				"universalify": "^2.0.0"
			}
		},
		"lodash": {
			"version": "4.17.21",
			"resolved": "https://registry.npmmirror.com/lodash/-/lodash-4.17.21.tgz",
			"integrity": "sha512-v2kDEe57lecTulaDIuNTPy3Ry4gLGJ6Z1O3vE1krgXZNrsQ+LFTGHVxVjcXPs17LhbZVGedAJv8XZ1tvj5FvSg=="
		},
		"lodash-es": {
			"version": "4.17.21",
			"resolved": "https://registry.npmmirror.com/lodash-es/-/lodash-es-4.17.21.tgz",
			"integrity": "sha512-mKnC+QJ9pWVzv+C4/U3rRsHapFfHvQFoFB92e52xeyGMcX6/OlIl78je1u8vePzYZSkkogMPJ2yjxxsb89cxyw=="
		},
		"nanoclone": {
			"version": "0.2.1",
			"resolved": "https://registry.npmmirror.com/nanoclone/-/nanoclone-0.2.1.tgz",
			"integrity": "sha512-wynEP02LmIbLpcYw8uBKpcfF6dmg2vcpKqxeH5UcoKEYdExslsdUA4ugFauuaeYdTB76ez6gJW8XAZ6CgkXYxA=="
		},
		"node-machine-id": {
			"version": "1.1.12",
			"resolved": "https://registry.npmmirror.com/node-machine-id/-/node-machine-id-1.1.12.tgz",
			"integrity": "sha512-QNABxbrPa3qEIfrE6GOJ7BYIuignnJw7iQ2YPbc3Nla1HzRJjXzZOiikfF8m7eAMfichLt3M4VgLOetqgDmgGQ=="
		},
		"property-expr": {
			"version": "2.0.5",
			"resolved": "https://registry.npmmirror.com/property-expr/-/property-expr-2.0.5.tgz",
			"integrity": "sha512-IJUkICM5dP5znhCckHSv30Q4b5/JA5enCtkRHYaOVOAocnH/1BQEYTC5NMfT3AVl/iXKdr3aqQbQn9DxyWknwA=="
		},
		"redis": {
			"version": "4.0.6",
			"resolved": "https://registry.npmmirror.com/redis/-/redis-4.0.6.tgz",
			"integrity": "sha512-IaPAxgF5dV0jx+A9l6yd6R9/PAChZIoAskDVRzUODeLDNhsMlq7OLLTmu0AwAr0xjrJ1bibW5xdpRwqIQ8Q0Xg==",
			"requires": {
				"@node-redis/bloom": "1.0.1",
				"@node-redis/client": "1.0.5",
				"@node-redis/graph": "1.0.0",
				"@node-redis/json": "1.0.2",
				"@node-redis/search": "1.0.5",
				"@node-redis/time-series": "1.0.2"
			}
		},
		"redis-errors": {
			"version": "1.2.0",
			"resolved": "https://registry.npmmirror.com/redis-errors/-/redis-errors-1.2.0.tgz",
			"integrity": "sha512-1qny3OExCf0UvUV/5wpYKf2YwPcOqXzkwKKSmKHiE6ZMQs5heeE/c8eXK+PNllPvmjgAbfnsbpkGZWy8cBpn9w=="
		},
		"redis-parser": {
			"version": "3.0.0",
			"resolved": "https://registry.npmmirror.com/redis-parser/-/redis-parser-3.0.0.tgz",
			"integrity": "sha512-DJnGAeenTdpMEH6uAJRK/uiyEIH9WVsUmoLwzudwGJUwZPp80PDBWPHXSAGNPwNvIXAbe7MSUB1zQFugFml66A==",
			"requires": {
				"redis-errors": "^1.0.0"
			}
		},
		"reflect-metadata": {
			"version": "0.1.13",
			"resolved": "https://registry.npmmirror.com/reflect-metadata/-/reflect-metadata-0.1.13.tgz",
			"integrity": "sha512-Ts1Y/anZELhSsjMcU605fU9RE4Oi3p5ORujwbIKXfWa+0Zxs510Qrmrce5/Jowq3cHSZSJqBjypxmHarc+vEWg=="
		},
		"regenerator-runtime": {
			"version": "0.13.9",
			"resolved": "https://registry.npmmirror.com/regenerator-runtime/-/regenerator-runtime-0.13.9.tgz",
			"integrity": "sha512-p3VT+cOEgxFsRRA9X4lkI1E+k2/CtnKtU4gcxyaCUreilL/vqI6CdZ3wxVUx3UOUg+gnUOQQcRI7BmSI656MYA=="
		},
		"systeminformation": {
			"version": "5.11.15",
			"resolved": "https://registry.npmmirror.com/systeminformation/-/systeminformation-5.11.15.tgz",
			"integrity": "sha512-zUbObRjQeZcu84z9NVSm9JTiCPyPQ3MefJ3+76yvp+TeCv9WsO3szijyQLv0fChRrm2/sl2De3y1ewUOYOtz2Q=="
		},
		"toposort": {
			"version": "2.0.2",
			"resolved": "https://registry.npmmirror.com/toposort/-/toposort-2.0.2.tgz",
			"integrity": "sha512-0a5EOkAUp8D4moMi2W8ZF8jcga7BgZd91O/yabJCFY8az+XSzeGyTKs0Aoo897iV1Nj6guFq8orWDS96z91oGg=="
		},
		"typedi": {
			"version": "0.8.0",
			"resolved": "https://registry.npmmirror.com/typedi/-/typedi-0.8.0.tgz",
			"integrity": "sha512-/c7Bxnm6eh5kXx2I+mTuO+2OvoWni5+rXA3PhXwVWCtJRYmz3hMok5s1AKLzoDvNAZqj/Q/acGstN0ri5aQoOA=="
		},
		"universalify": {
			"version": "2.0.0",
			"resolved": "https://registry.npmmirror.com/universalify/-/universalify-2.0.0.tgz",
			"integrity": "sha512-hAZsKq7Yy11Zu1DE0OzWjw7nnLZmJZYTDZZyEFHZdUhV8FkH5MCfoU1XMaxXovpyW5nq5scPqq0ZDP9Zyl04oQ=="
		},
		"yallist": {
			"version": "4.0.0",
			"resolved": "https://registry.npmmirror.com/yallist/-/yallist-4.0.0.tgz",
			"integrity": "sha512-3wdGidZyq5PB084XLES5TpOSRA3wjXAlIWMhum2kRcv/41Sn2emQ0dycQW4uZXLejwKvg6EsvbdlVL+FYEct7A=="
		},
		"yup": {
			"version": "0.32.11",
			"resolved": "https://registry.npmmirror.com/yup/-/yup-0.32.11.tgz",
			"integrity": "sha512-Z2Fe1bn+eLstG8DRR6FTavGD+MeAwyfmouhHsIUgaADz8jvFKbO/fXc2trJKZg+5EBjh4gGm3iU/t3onKlXHIg==",
			"requires": {
				"@babel/runtime": "^7.15.4",
				"@types/lodash": "^4.14.175",
				"lodash": "^4.17.21",
				"lodash-es": "^4.17.21",
				"nanoclone": "^0.2.1",
				"property-expr": "^2.0.4",
				"toposort": "^2.0.2"
			}
		}
	}
}
