{
	"name": "@pugio/types",
	"version": "1.3.0",
	"lockfileVersion": 1,
	"requires": true,
	"dependencies": {
		"@node-redis/bloom": {
			"version": "1.0.1",
			"resolved": "https://registry.npmjs.org/@node-redis/bloom/-/bloom-1.0.1.tgz",
			"integrity": "sha512-mXEBvEIgF4tUzdIN89LiYsbi6//EdpFA7L8M+DHCvePXg+bfHWi+ct5VI6nHUFQE5+ohm/9wmgihCH3HSkeKsw=="
		},
		"@node-redis/client": {
			"version": "1.0.4",
			"resolved": "https://registry.npmjs.org/@node-redis/client/-/client-1.0.4.tgz",
			"integrity": "sha512-IM/NRAqg7MvNC3bIRQipXGrEarunrdgvrbAzsd3ty93LSHi/M+ybQulOERQi8a3M+P5BL8HenwXjiIoKm6ml2g==",
			"requires": {
				"cluster-key-slot": "1.1.0",
				"generic-pool": "3.8.2",
				"redis-parser": "3.0.0",
				"yallist": "4.0.0"
			}
		},
		"@node-redis/graph": {
			"version": "1.0.0",
			"resolved": "https://registry.npmjs.org/@node-redis/graph/-/graph-1.0.0.tgz",
			"integrity": "sha512-mRSo8jEGC0cf+Rm7q8mWMKKKqkn6EAnA9IA2S3JvUv/gaWW/73vil7GLNwion2ihTptAm05I9LkepzfIXUKX5g=="
		},
		"@node-redis/json": {
			"version": "1.0.2",
			"resolved": "https://registry.npmjs.org/@node-redis/json/-/json-1.0.2.tgz",
			"integrity": "sha512-qVRgn8WfG46QQ08CghSbY4VhHFgaTY71WjpwRBGEuqGPfWwfRcIf3OqSpR7Q/45X+v3xd8mvYjywqh0wqJ8T+g=="
		},
		"@node-redis/search": {
			"version": "1.0.3",
			"resolved": "https://registry.npmjs.org/@node-redis/search/-/search-1.0.3.tgz",
			"integrity": "sha512-rsrzkGWI84di/uYtEctS/4qLusWt0DESx/psjfB0TFpORDhe7JfC0h8ary+eHulTksumor244bXLRSqQXbFJmw=="
		},
		"@node-redis/time-series": {
			"version": "1.0.2",
			"resolved": "https://registry.npmjs.org/@node-redis/time-series/-/time-series-1.0.2.tgz",
			"integrity": "sha512-HGQ8YooJ8Mx7l28tD7XjtB3ImLEjlUxG1wC1PAjxu6hPJqjPshUZxAICzDqDjtIbhDTf48WXXUcx8TQJB1XTKA=="
		},
		"@types/axios": {
			"version": "0.14.0",
			"resolved": "https://registry.npmjs.org/@types/axios/-/axios-0.14.0.tgz",
			"integrity": "sha1-7CMA++fX3d1+udOr+HmZlkyvzkY=",
			"dev": true,
			"requires": {
				"axios": "*"
			}
		},
		"axios": {
			"version": "0.25.0",
			"resolved": "https://registry.npmjs.org/axios/-/axios-0.25.0.tgz",
			"integrity": "sha512-cD8FOb0tRH3uuEe6+evtAbgJtfxr7ly3fQjYcMcuPlgkwVS9xboaVIpcDV+cYQe+yGykgwZCs1pzjntcGa6l5g==",
			"requires": {
				"follow-redirects": "^1.14.7"
			}
		},
		"cli-spinners": {
			"version": "2.6.1",
			"resolved": "https://registry.npmmirror.com/cli-spinners/-/cli-spinners-2.6.1.tgz",
			"integrity": "sha512-x/5fWmGMnbKQAaNwN+UZlV79qBLM9JFnJuJ03gIi5whrob0xV0ofNVHy9DhwGdsMJQc2OKv0oGmLzvaqvAVv+g=="
		},
		"cluster-key-slot": {
			"version": "1.1.0",
			"resolved": "https://registry.npmjs.org/cluster-key-slot/-/cluster-key-slot-1.1.0.tgz",
			"integrity": "sha512-2Nii8p3RwAPiFwsnZvukotvow2rIHM+yQ6ZcBXGHdniadkYGZYiGmkHJIbZPIV9nfv7m/U1IPMVVcAhoWFeklw=="
		},
		"follow-redirects": {
			"version": "1.14.9",
			"resolved": "https://registry.npmjs.org/follow-redirects/-/follow-redirects-1.14.9.tgz",
			"integrity": "sha512-MQDfihBQYMcyy5dhRDJUHcw7lb2Pv/TuE6xP1vyraLukNDHKbDxDNaOE3NbCAdKQApno+GPRyo1YAp89yCjK4w=="
		},
		"generic-pool": {
			"version": "3.8.2",
			"resolved": "https://registry.npmjs.org/generic-pool/-/generic-pool-3.8.2.tgz",
			"integrity": "sha512-nGToKy6p3PAbYQ7p1UlWl6vSPwfwU6TMSWK7TTu+WUY4ZjyZQGniGGt2oNVvyNSpyZYSB43zMXVLcBm08MTMkg=="
		},
		"nan": {
			"version": "2.15.0",
			"resolved": "https://registry.npmmirror.com/nan/-/nan-2.15.0.tgz",
			"integrity": "sha512-8ZtvEnA2c5aYCZYd1cvgdnU6cqwixRoYg70xPLWUws5ORTa/lnw+u4amixRS/Ac5U5mQVgp9pnlSUnbNWFaWZQ=="
		},
		"node-pty": {
			"version": "0.10.1",
			"resolved": "https://registry.npmmirror.com/node-pty/-/node-pty-0.10.1.tgz",
			"integrity": "sha512-JTdtUS0Im/yRsWJSx7yiW9rtpfmxqxolrtnyKwPLI+6XqTAPW/O2MjS8FYL4I5TsMbH2lVgDb2VMjp+9LoQGNg==",
			"requires": {
				"nan": "^2.14.0"
			}
		},
		"redis": {
			"version": "4.0.4",
			"resolved": "https://registry.npmjs.org/redis/-/redis-4.0.4.tgz",
			"integrity": "sha512-KaM1OAj/nGrSeybmmOWSMY0LXTGT6FVWgUZZrd2MYzXKJ+VGtqVaciGQeNMfZiQX+kDM8Ke4uttb54m2rm6V0A==",
			"requires": {
				"@node-redis/bloom": "1.0.1",
				"@node-redis/client": "1.0.4",
				"@node-redis/graph": "1.0.0",
				"@node-redis/json": "1.0.2",
				"@node-redis/search": "1.0.3",
				"@node-redis/time-series": "1.0.2"
			}
		},
		"redis-errors": {
			"version": "1.2.0",
			"resolved": "https://registry.npmjs.org/redis-errors/-/redis-errors-1.2.0.tgz",
			"integrity": "sha1-62LSrbFeTq9GEMBK/hUpOEJQq60="
		},
		"redis-parser": {
			"version": "3.0.0",
			"resolved": "https://registry.npmjs.org/redis-parser/-/redis-parser-3.0.0.tgz",
			"integrity": "sha1-tm2CjNyv5rS4pCin3vTGvKwxyLQ=",
			"requires": {
				"redis-errors": "^1.0.0"
			}
		},
		"reflect-metadata": {
			"version": "0.1.13",
			"resolved": "https://registry.npmjs.org/reflect-metadata/-/reflect-metadata-0.1.13.tgz",
			"integrity": "sha512-Ts1Y/anZELhSsjMcU605fU9RE4Oi3p5ORujwbIKXfWa+0Zxs510Qrmrce5/Jowq3cHSZSJqBjypxmHarc+vEWg=="
		},
		"typedi": {
			"version": "0.8.0",
			"resolved": "https://registry.npmjs.org/typedi/-/typedi-0.8.0.tgz",
			"integrity": "sha512-/c7Bxnm6eh5kXx2I+mTuO+2OvoWni5+rXA3PhXwVWCtJRYmz3hMok5s1AKLzoDvNAZqj/Q/acGstN0ri5aQoOA=="
		},
		"xterm": {
			"version": "4.18.0",
			"resolved": "https://registry.npmmirror.com/xterm/-/xterm-4.18.0.tgz",
			"integrity": "sha512-JQoc1S0dti6SQfI0bK1AZvGnAxH4MVw45ZPFSO6FHTInAiau3Ix77fSxNx3mX4eh9OL4AYa8+4C8f5UvnSfppQ=="
		},
		"yallist": {
			"version": "4.0.0",
			"resolved": "https://registry.npmjs.org/yallist/-/yallist-4.0.0.tgz",
			"integrity": "sha512-3wdGidZyq5PB084XLES5TpOSRA3wjXAlIWMhum2kRcv/41Sn2emQ0dycQW4uZXLejwKvg6EsvbdlVL+FYEct7A=="
		}
	}
}
